// !$*UTF8*$!
{
	archiveVersion = 1;
	classes = {
	};
	objectVersion = 77;
	objects = {

/* Begin PBXBuildFile section */
		01DA82C32FF7706E0093021F /* KeyboardShortcuts in Frameworks */ = {isa = PBXBuildFile; productRef = AB01000000000000000000B1 /* KeyboardShortcuts */; };
		01DA82C42FF7706E0093021F /* Markdown in Frameworks */ = {isa = PBXBuildFile; productRef = AB01000000000000000000B2 /* Markdown */; };
/* End PBXBuildFile section */

/* Begin PBXContainerItemProxy section */
		01DA82772FF76BB60093021F /* PBXContainerItemProxy */ = {
			isa = PBXContainerItemProxy;
			containerPortal = 01DA82612FF76BB50093021F /* Project object */;
			proxyType = 1;
			remoteGlobalIDString = 01DA82682FF76BB50093021F;
			remoteInfo = Cheatsheet;
		};
		01DA82812FF76BB60093021F /* PBXContainerItemProxy */ = {
			isa = PBXContainerItemProxy;
			containerPortal = 01DA82612FF76BB50093021F /* Project object */;
			proxyType = 1;
			remoteGlobalIDString = 01DA82682FF76BB50093021F;
			remoteInfo = Cheatsheet;
		};
/* End PBXContainerItemProxy section */

/* Begin PBXFileReference section */
		01DA82692FF76BB50093021F /* Cheatsheet.app */ = {isa = PBXFileReference; explicitFileType = wrapper.application; includeInIndex = 0; path = Cheatsheet.app; sourceTree = BUILT_PRODUCTS_DIR; };
		01DA82762FF76BB60093021F /* CheatsheetTests.xctest */ = {isa = PBXFileReference; explicitFileType = wrapper.cfbundle; includeInIndex = 0; path = CheatsheetTests.xctest; sourceTree = BUILT_PRODUCTS_DIR; };
		01DA82802FF76BB60093021F /* CheatsheetUITests.xctest */ = {isa = PBXFileReference; explicitFileType = wrapper.cfbundle; includeInIndex = 0; path = CheatsheetUITests.xctest; sourceTree = BUILT_PRODUCTS_DIR; };
/* End PBXFileReference section */

/* Begin PBXFileSystemSynchronizedRootGroup section */
		01DA826B2FF76BB50093021F /* Cheatsheet */ = {
			isa = PBXFileSystemSynchronizedRootGroup;
			path = Cheatsheet;
			sourceTree = "<group>";
		};
		01DA82792FF76BB60093021F /* CheatsheetTests */ = {
			isa = PBXFileSystemSynchronizedRootGroup;
			path = CheatsheetTests;
			sourceTree = "<group>";
		};
		01DA82832FF76BB60093021F /* CheatsheetUITests */ = {
			isa = PBXFileSystemSynchronizedRootGroup;
			path = CheatsheetUITests;
			sourceTree = "<group>";
		};
/* End PBXFileSystemSynchronizedRootGroup section */

/* Begin PBXFrameworksBuildPhase section */
		01DA82662FF76BB50093021F /* Frameworks */ = {
			isa = PBXFrameworksBuildPhase;
			buildActionMask = 2147483647;
			files = (
				01DA82C42FF7706E0093021F /* Markdown in Frameworks */,
				01DA82C32FF7706E0093021F /* KeyboardShortcuts in Frameworks */,
			);
			runOnlyForDeploymentPostprocessing = 0;
		};
		01DA82732FF76BB60093021F /* Frameworks */ = {
			isa = PBXFrameworksBuildPhase;
			buildActionMask = 2147483647;
			files = (
			);
			runOnlyForDeploymentPostprocessing = 0;
		};
		01DA827D2FF76BB60093021F /* Frameworks */ = {
			isa = PBXFrameworksBuildPhase;
			buildActionMask = 2147483647;
			files = (
			);
			runOnlyForDeploymentPostprocessing = 0;
		};
/* End PBXFrameworksBuildPhase section */

/* Begin PBXGroup section */
		01DA82602FF76BB50093021F = {
			isa = PBXGroup;
			children = (
				01DA826B2FF76BB50093021F /* Cheatsheet */,
				01DA82792FF76BB60093021F /* CheatsheetTests */,
				01DA82832FF76BB60093021F /* CheatsheetUITests */,
				01DA826A2FF76BB50093021F /* Products */,
			);
			sourceTree = "<group>";
		};
		01DA826A2FF76BB50093021F /* Products */ = {
			isa = PBXGroup;
			children = (
				01DA82692FF76BB50093021F /* Cheatsheet.app */,
				01DA82762FF76BB60093021F /* CheatsheetTests.xctest */,
				01DA82802FF76BB60093021F /* CheatsheetUITests.xctest */,
			);
			name = Products;
			sourceTree = "<group>";
		};
/* End PBXGroup section */

/* Begin PBXNativeTarget section */
		01DA82682FF76BB50093021F /* Cheatsheet */ = {
			isa = PBXNativeTarget;
			buildConfigurationList = 01DA828A2FF76BB60093021F /* Build configuration list for PBXNativeTarget "Cheatsheet" */;
			buildPhases = (
				01DA82652FF76BB50093021F /* Sources */,
				01DA82662FF76BB50093021F /* Frameworks */,
				01DA82672FF76BB50093021F /* Resources */,
			);
			buildRules = (
			);
			dependencies = (
			);
			fileSystemSynchronizedGroups = (
				01DA826B2FF76BB50093021F /* Cheatsheet */,
			);
			name = Cheatsheet;
			packageProductDependencies = (
				AB01000000000000000000B1 /* KeyboardShortcuts */,
				AB01000000000000000000B2 /* Markdown */,
			);
			productName = Cheatsheet;
			productReference = 01DA82692FF76BB50093021F /* Cheatsheet.app */;
			productType = "com.apple.product-type.application";
		};
		01DA82752FF76BB60093021F /* CheatsheetTests */ = {
			isa = PBXNativeTarget;
			buildConfigurationList = 01DA828D2FF76BB60093021F /* Build configuration list for PBXNativeTarget "CheatsheetTests" */;
			buildPhases = (
				01DA82722FF76BB60093021F /* Sources */,
				01DA82732FF76BB60093021F /* Frameworks */,
				01DA82742FF76BB60093021F /* Resources */,
			);
			buildRules = (
			);
			dependencies = (
				01DA82782FF76BB60093021F /* PBXTargetDependency */,
			);
			fileSystemSynchronizedGroups = (
				01DA82792FF76BB60093021F /* CheatsheetTests */,
			);
			name = CheatsheetTests;
			packageProductDependencies = (
			);
			productName = CheatsheetTests;
			productReference = 01DA82762FF76BB60093021F /* CheatsheetTests.xctest */;
			productType = "com.apple.product-type.bundle.unit-test";
		};
		01DA827F2FF76BB60093021F /* CheatsheetUITests */ = {
			isa = PBXNativeTarget;
			buildConfigurationList = 01DA82902FF76BB60093021F /* Build configuration list for PBXNativeTarget "CheatsheetUITests" */;
			buildPhases = (
				01DA827C2FF76BB60093021F /* Sources */,
				01DA827D2FF76BB60093021F /* Frameworks */,
				01DA827E2FF76BB60093021F /* Resources */,
			);
			buildRules = (
			);
			dependencies = (
				01DA82822FF76BB60093021F /* PBXTargetDependency */,
			);
			fileSystemSynchronizedGroups = (
				01DA82832FF76BB60093021F /* CheatsheetUITests */,
			);
			name = CheatsheetUITests;
			packageProductDependencies = (
			);
			productName = CheatsheetUITests;
			productReference = 01DA82802FF76BB60093021F /* CheatsheetUITests.xctest */;
			productType = "com.apple.product-type.bundle.ui-testing";
		};
/* End PBXNativeTarget section */

/* Begin PBXProject section */
		01DA82612FF76BB50093021F /* Project object */ = {
			isa = PBXProject;
			attributes = {
				BuildIndependentTargetsInParallel = 1;
				LastSwiftUpdateCheck = 2620;
				LastUpgradeCheck = 2620;
				TargetAttributes = {
					01DA82682FF76BB50093021F = {
						CreatedOnToolsVersion = 26.2;
					};
					01DA82752FF76BB60093021F = {
						CreatedOnToolsVersion = 26.2;
						TestTargetID = 01DA82682FF76BB50093021F;
					};
					01DA827F2FF76BB60093021F = {
						CreatedOnToolsVersion = 26.2;
						TestTargetID = 01DA82682FF76BB50093021F;
					};
				};
			};
			buildConfigurationList = 01DA82642FF76BB50093021F /* Build configuration list for PBXProject "Cheatsheet" */;
			developmentRegion = en;
			hasScannedForEncodings = 0;
			knownRegions = (
				en,
				Base,
			);
			mainGroup = 01DA82602FF76BB50093021F;
			minimizedProjectReferenceProxies = 1;
			packageReferences = (
				AB01000000000000000000A1 /* XCRemoteSwiftPackageReference "KeyboardShortcuts" */,
				AB01000000000000000000A2 /* XCRemoteSwiftPackageReference "swift-markdown" */,
			);
			preferredProjectObjectVersion = 77;
			productRefGroup = 01DA826A2FF76BB50093021F /* Products */;
			projectDirPath = "";
			projectRoot = "";
			targets = (
				01DA82682FF76BB50093021F /* Cheatsheet */,
				01DA82752FF76BB60093021F /* CheatsheetTests */,
				01DA827F2FF76BB60093021F /* CheatsheetUITests */,
			);
		};
/* End PBXProject section */

/* Begin PBXResourcesBuildPhase section */
		01DA82672FF76BB50093021F /* Resources */ = {
			isa = PBXResourcesBuildPhase;
			buildActionMask = 2147483647;
			files = (
			);
			runOnlyForDeploymentPostprocessing = 0;
		};
		01DA82742FF76BB60093021F /* Resources */ = {
			isa = PBXResourcesBuildPhase;
			buildActionMask = 2147483647;
			files = (
			);
			runOnlyForDeploymentPostprocessing = 0;
		};
		01DA827E2FF76BB60093021F /* Resources */ = {
			isa = PBXResourcesBuildPhase;
			buildActionMask = 2147483647;
			files = (
			);
			runOnlyForDeploymentPostprocessing = 0;
		};
/* End PBXResourcesBuildPhase section */

/* Begin PBXSourcesBuildPhase section */
		01DA82652FF76BB50093021F /* Sources */ = {
			isa = PBXSourcesBuildPhase;
			buildActionMask = 2147483647;
			files = (
			);
			runOnlyForDeploymentPostprocessing = 0;
		};
		01DA82722FF76BB60093021F /* Sources */ = {
			isa = PBXSourcesBuildPhase;
			buildActionMask = 2147483647;
			files = (
			);
			runOnlyForDeploymentPostprocessing = 0;
		};
		01DA827C2FF76BB60093021F /* Sources */ = {
			isa = PBXSourcesBuildPhase;
			buildActionMask = 2147483647;
			files = (
			);
			runOnlyForDeploymentPostprocessing = 0;
		};
/* End PBXSourcesBuildPhase section */

/* Begin PBXTargetDependency section */
		01DA82782FF76BB60093021F /* PBXTargetDependency */ = {
			isa = PBXTargetDependency;
			target = 01DA82682FF76BB50093021F /* Cheatsheet */;
			targetProxy = 01DA82772FF76BB60093021F /* PBXContainerItemProxy */;
		};
		01DA82822FF76BB60093021F /* PBXTargetDependency */ = {
			isa = PBXTargetDependency;
			target = 01DA82682FF76BB50093021F /* Cheatsheet */;
			targetProxy = 01DA82812FF76BB60093021F /* PBXContainerItemProxy */;
		};
/* End PBXTargetDependency section */

/* Begin XCBuildConfiguration section */
		01DA82882FF76BB60093021F /* Debug */ = {
			isa = XCBuildConfiguration;
			buildSettings = {
				ALWAYS_SEARCH_USER_PATHS = NO;
				ASSETCATALOG_COMPILER_GENERATE_SWIFT_ASSET_SYMBOL_EXTENSIONS = YES;
				CLANG_ANALYZER_NONNULL = YES;
				CLANG_ANALYZER_NUMBER_OBJECT_CONVERSION = YES_AGGRESSIVE;
				CLANG_CXX_LANGUAGE_STANDARD = "gnu++20";
				CLANG_ENABLE_MODULES = YES;
				CLANG_ENABLE_OBJC_ARC = YES;
				CLANG_ENABLE_OBJC_WEAK = YES;
				CLANG_WARN_BLOCK_CAPTURE_AUTORELEASING = YES;
				CLANG_WARN_BOOL_CONVERSION = YES;
				CLANG_WARN_COMMA = YES;
				CLANG_WARN_CONSTANT_CONVERSION = YES;
				CLANG_WARN_DEPRECATED_OBJC_IMPLEMENTATIONS = YES;
				CLANG_WARN_DIRECT_OBJC_ISA_USAGE = YES_ERROR;
				CLANG_WARN_DOCUMENTATION_COMMENTS = YES;
				CLANG_WARN_EMPTY_BODY = YES;
				CLANG_WARN_ENUM_CONVERSION = YES;
				CLANG_WARN_INFINITE_RECURSION = YES;
				CLANG_WARN_INT_CONVERSION = YES;
				CLANG_WARN_NON_LITERAL_NULL_CONVERSION = YES;
				CLANG_WARN_OBJC_IMPLICIT_RETAIN_SELF = YES;
				CLANG_WARN_OBJC_LITERAL_CONVERSION = YES;
				CLANG_WARN_OBJC_ROOT_CLASS = YES_ERROR;
				CLANG_WARN_QUOTED_INCLUDE_IN_FRAMEWORK_HEADER = YES;
				CLANG_WARN_RANGE_LOOP_ANALYSIS = YES;
				CLANG_WARN_STRICT_PROTOTYPES = YES;
				CLANG_WARN_SUSPICIOUS_MOVE = YES;
				CLANG_WARN_UNGUARDED_AVAILABILITY = YES_AGGRESSIVE;
				CLANG_WARN_UNREACHABLE_CODE = YES;
				CLANG_WARN__DUPLICATE_METHOD_MATCH = YES;
				COPY_PHASE_STRIP = NO;
				DEBUG_INFORMATION_FORMAT = dwarf;
				DEVELOPMENT_TEAM = 2B5ZA49Z64;
				ENABLE_STRICT_OBJC_MSGSEND = YES;
				ENABLE_TESTABILITY = YES;
				ENABLE_USER_SCRIPT_SANDBOXING = YES;
				GCC_C_LANGUAGE_STANDARD = gnu17;
				GCC_DYNAMIC_NO_PIC = NO;
				GCC_NO_COMMON_BLOCKS = YES;
				GCC_OPTIMIZATION_LEVEL = 0;
				GCC_PREPROCESSOR_DEFINITIONS = (
					"DEBUG=1",
					"$(inherited)",
				);
				GCC_WARN_64_TO_32_BIT_CONVERSION = YES;
				GCC_WARN_ABOUT_RETURN_TYPE = YES_ERROR;
				GCC_WARN_UNDECLARED_SELECTOR = YES;
				GCC_WARN_UNINITIALIZED_AUTOS = YES_AGGRESSIVE;
				GCC_WARN_UNUSED_FUNCTION = YES;
				GCC_WARN_UNUSED_VARIABLE = YES;
				LOCALIZATION_PREFERS_STRING_CATALOGS = YES;
				MACOSX_DEPLOYMENT_TARGET = 26.2;
				MTL_ENABLE_DEBUG_INFO = INCLUDE_SOURCE;
				MTL_FAST_MATH = YES;
				ONLY_ACTIVE_ARCH = YES;
				SDKROOT = macosx;
				SWIFT_ACTIVE_COMPILATION_CONDITIONS = "DEBUG $(inherited)";
				SWIFT_OPTIMIZATION_LEVEL = "-Onone";
			};
			name = Debug;
		};
		01DA82892FF76BB60093021F /* Release */ = {
			isa = XCBuildConfiguration;
			buildSettings = {
				ALWAYS_SEARCH_USER_PATHS = NO;
				ASSETCATALOG_COMPILER_GENERATE_SWIFT_ASSET_SYMBOL_EXTENSIONS = YES;
				CLANG_ANALYZER_NONNULL = YES;
				CLANG_ANALYZER_NUMBER_OBJECT_CONVERSION = YES_AGGRESSIVE;
				CLANG_CXX_LANGUAGE_STANDARD = "gnu++20";
				CLANG_ENABLE_MODULES = YES;
				CLANG_ENABLE_OBJC_ARC = YES;
				CLANG_ENABLE_OBJC_WEAK = YES;
				CLANG_WARN_BLOCK_CAPTURE_AUTORELEASING = YES;
				CLANG_WARN_BOOL_CONVERSION = YES;
				CLANG_WARN_COMMA = YES;
				CLANG_WARN_CONSTANT_CONVERSION = YES;
				CLANG_WARN_DEPRECATED_OBJC_IMPLEMENTATIONS = YES;
				CLANG_WARN_DIRECT_OBJC_ISA_USAGE = YES_ERROR;
				CLANG_WARN_DOCUMENTATION_COMMENTS = YES;
				CLANG_WARN_EMPTY_BODY = YES;
				CLANG_WARN_ENUM_CONVERSION = YES;
				CLANG_WARN_INFINITE_RECURSION = YES;
				CLANG_WARN_INT_CONVERSION = YES;
				CLANG_WARN_NON_LITERAL_NULL_CONVERSION = YES;
				CLANG_WARN_OBJC_IMPLICIT_RETAIN_SELF = YES;
				CLANG_WARN_OBJC_LITERAL_CONVERSION = YES;
				CLANG_WARN_OBJC_ROOT_CLASS = YES_ERROR;
				CLANG_WARN_QUOTED_INCLUDE_IN_FRAMEWORK_HEADER = YES;
				CLANG_WARN_RANGE_LOOP_ANALYSIS = YES;
				CLANG_WARN_STRICT_PROTOTYPES = YES;
				CLANG_WARN_SUSPICIOUS_MOVE = YES;
				CLANG_WARN_UNGUARDED_AVAILABILITY = YES_AGGRESSIVE;
				CLANG_WARN_UNREACHABLE_CODE = YES;
				CLANG_WARN__DUPLICATE_METHOD_MATCH = YES;
				COPY_PHASE_STRIP = NO;
				DEBUG_INFORMATION_FORMAT = "dwarf-with-dsym";
				DEVELOPMENT_TEAM = 2B5ZA49Z64;
				ENABLE_NS_ASSERTIONS = NO;
				ENABLE_STRICT_OBJC_MSGSEND = YES;
				ENABLE_USER_SCRIPT_SANDBOXING = YES;
				GCC_C_LANGUAGE_STANDARD = gnu17;
				GCC_NO_COMMON_BLOCKS = YES;
				GCC_WARN_64_TO_32_BIT_CONVERSION = YES;
				GCC_WARN_ABOUT_RETURN_TYPE = YES_ERROR;
				GCC_WARN_UNDECLARED_SELECTOR = YES;
				GCC_WARN_UNINITIALIZED_AUTOS = YES_AGGRESSIVE;
				GCC_WARN_UNUSED_FUNCTION = YES;
				GCC_WARN_UNUSED_VARIABLE = YES;
				LOCALIZATION_PREFERS_STRING_CATALOGS = YES;
				MACOSX_DEPLOYMENT_TARGET = 26.2;
				MTL_ENABLE_DEBUG_INFO = NO;
				MTL_FAST_MATH = YES;
				SDKROOT = macosx;
				SWIFT_COMPILATION_MODE = wholemodule;
			};
			name = Release;
		};
		01DA828B2FF76BB60093021F /* Debug */ = {
			isa = XCBuildConfiguration;
			buildSettings = {
				ASSETCATALOG_COMPILER_APPICON_NAME = AppIcon;
				ASSETCATALOG_COMPILER_GLOBAL_ACCENT_COLOR_NAME = AccentColor;
				CODE_SIGN_STYLE = Automatic;
				COMBINE_HIDPI_IMAGES = YES;
				CURRENT_PROJECT_VERSION = 1;
				DEVELOPMENT_TEAM = 2B5ZA49Z64;
				ENABLE_APP_SANDBOX = YES;
				ENABLE_HARDENED_RUNTIME = YES;
				ENABLE_PREVIEWS = YES;
				ENABLE_USER_SELECTED_FILES = readonly;
				GENERATE_INFOPLIST_FILE = YES;
				INFOPLIST_KEY_LSUIElement = YES;
				INFOPLIST_KEY_NSHumanReadableCopyright = "";
				LD_RUNPATH_SEARCH_PATHS = (
					"$(inherited)",
					"@executable_path/../Frameworks",
				);
				MARKETING_VERSION = 1.0;
				PRODUCT_BUNDLE_IDENTIFIER = potatodev.Cheatsheet;
				PRODUCT_NAME = "$(TARGET_NAME)";
				REGISTER_APP_GROUPS = YES;
				STRING_CATALOG_GENERATE_SYMBOLS = YES;
				SWIFT_APPROACHABLE_CONCURRENCY = YES;
				SWIFT_DEFAULT_ACTOR_ISOLATION = MainActor;
				SWIFT_EMIT_LOC_STRINGS = YES;
				SWIFT_UPCOMING_FEATURE_MEMBER_IMPORT_VISIBILITY = YES;
				SWIFT_VERSION = 5.0;
			};
			name = Debug;
		};
		01DA828C2FF76BB60093021F /* Release */ = {
			isa = XCBuildConfiguration;
			buildSettings = {
				ASSETCATALOG_COMPILER_APPICON_NAME = AppIcon;
				ASSETCATALOG_COMPILER_GLOBAL_ACCENT_COLOR_NAME = AccentColor;
				CODE_SIGN_STYLE = Automatic;
				COMBINE_HIDPI_IMAGES = YES;
				CURRENT_PROJECT_VERSION = 1;
				DEVELOPMENT_TEAM = 2B5ZA49Z64;
				ENABLE_APP_SANDBOX = YES;
				ENABLE_HARDENED_RUNTIME = YES;
				ENABLE_PREVIEWS = YES;
				ENABLE_USER_SELECTED_FILES = readonly;
				GENERATE_INFOPLIST_FILE = YES;
				INFOPLIST_KEY_LSUIElement = YES;
				INFOPLIST_KEY_NSHumanReadableCopyright = "";
				LD_RUNPATH_SEARCH_PATHS = (
					"$(inherited)",
					"@executable_path/../Frameworks",
				);
				MARKETING_VERSION = 1.0;
				PRODUCT_BUNDLE_IDENTIFIER = potatodev.Cheatsheet;
				PRODUCT_NAME = "$(TARGET_NAME)";
				REGISTER_APP_GROUPS = YES;
				STRING_CATALOG_GENERATE_SYMBOLS = YES;
				SWIFT_APPROACHABLE_CONCURRENCY = YES;
				SWIFT_DEFAULT_ACTOR_ISOLATION = MainActor;
				SWIFT_EMIT_LOC_STRINGS = YES;
				SWIFT_UPCOMING_FEATURE_MEMBER_IMPORT_VISIBILITY = YES;
				SWIFT_VERSION = 5.0;
			};
			name = Release;
		};
		01DA828E2FF76BB60093021F /* Debug */ = {
			isa = XCBuildConfiguration;
			buildSettings = {
				BUNDLE_LOADER = "$(TEST_HOST)";
				CODE_SIGN_STYLE = Automatic;
				CURRENT_PROJECT_VERSION = 1;
				DEVELOPMENT_TEAM = 2B5ZA49Z64;
				GENERATE_INFOPLIST_FILE = YES;
				MACOSX_DEPLOYMENT_TARGET = 26.2;
				MARKETING_VERSION = 1.0;
				PRODUCT_BUNDLE_IDENTIFIER = potatodev.CheatsheetTests;
				PRODUCT_NAME = "$(TARGET_NAME)";
				STRING_CATALOG_GENERATE_SYMBOLS = NO;
				SWIFT_APPROACHABLE_CONCURRENCY = YES;
				SWIFT_EMIT_LOC_STRINGS = NO;
				SWIFT_UPCOMING_FEATURE_MEMBER_IMPORT_VISIBILITY = YES;
				SWIFT_VERSION = 5.0;
				TEST_HOST = "$(BUILT_PRODUCTS_DIR)/Cheatsheet.app/$(BUNDLE_EXECUTABLE_FOLDER_PATH)/Cheatsheet";
			};
			name = Debug;
		};
		01DA828F2FF76BB60093021F /* Release */ = {
			isa = XCBuildConfiguration;
			buildSettings = {
				BUNDLE_LOADER = "$(TEST_HOST)";
				CODE_SIGN_STYLE = Automatic;
				CURRENT_PROJECT_VERSION = 1;
				DEVELOPMENT_TEAM = 2B5ZA49Z64;
				GENERATE_INFOPLIST_FILE = YES;
				MACOSX_DEPLOYMENT_TARGET = 26.2;
				MARKETING_VERSION = 1.0;
				PRODUCT_BUNDLE_IDENTIFIER = potatodev.CheatsheetTests;
				PRODUCT_NAME = "$(TARGET_NAME)";
				STRING_CATALOG_GENERATE_SYMBOLS = NO;
				SWIFT_APPROACHABLE_CONCURRENCY = YES;
				SWIFT_EMIT_LOC_STRINGS = NO;
				SWIFT_UPCOMING_FEATURE_MEMBER_IMPORT_VISIBILITY = YES;
				SWIFT_VERSION = 5.0;
				TEST_HOST = "$(BUILT_PRODUCTS_DIR)/Cheatsheet.app/$(BUNDLE_EXECUTABLE_FOLDER_PATH)/Cheatsheet";
			};
			name = Release;
		};
		01DA82912FF76BB60093021F /* Debug */ = {
			isa = XCBuildConfiguration;
			buildSettings = {
				CODE_SIGN_STYLE = Automatic;
				CURRENT_PROJECT_VERSION = 1;
				DEVELOPMENT_TEAM = 2B5ZA49Z64;
				GENERATE_INFOPLIST_FILE = YES;
				MARKETING_VERSION = 1.0;
				PRODUCT_BUNDLE_IDENTIFIER = potatodev.CheatsheetUITests;
				PRODUCT_NAME = "$(TARGET_NAME)";
				STRING_CATALOG_GENERATE_SYMBOLS = NO;
				SWIFT_APPROACHABLE_CONCURRENCY = YES;
				SWIFT_EMIT_LOC_STRINGS = NO;
				SWIFT_UPCOMING_FEATURE_MEMBER_IMPORT_VISIBILITY = YES;
				SWIFT_VERSION = 5.0;
				TEST_TARGET_NAME = Cheatsheet;
			};
			name = Debug;
		};
		01DA82922FF76BB60093021F /* Release */ = {
			isa = XCBuildConfiguration;
			buildSettings = {
				CODE_SIGN_STYLE = Automatic;
				CURRENT_PROJECT_VERSION = 1;
				DEVELOPMENT_TEAM = 2B5ZA49Z64;
				GENERATE_INFOPLIST_FILE = YES;
				MARKETING_VERSION = 1.0;
				PRODUCT_BUNDLE_IDENTIFIER = potatodev.CheatsheetUITests;
				PRODUCT_NAME = "$(TARGET_NAME)";
				STRING_CATALOG_GENERATE_SYMBOLS = NO;
				SWIFT_APPROACHABLE_CONCURRENCY = YES;
				SWIFT_EMIT_LOC_STRINGS = NO;
				SWIFT_UPCOMING_FEATURE_MEMBER_IMPORT_VISIBILITY = YES;
				SWIFT_VERSION = 5.0;
				TEST_TARGET_NAME = Cheatsheet;
			};
			name = Release;
		};
/* End XCBuildConfiguration section */

/* Begin XCConfigurationList section */
		01DA82642FF76BB50093021F /* Build configuration list for PBXProject "Cheatsheet" */ = {
			isa = XCConfigurationList;
			buildConfigurations = (
				01DA82882FF76BB60093021F /* Debug */,
				01DA82892FF76BB60093021F /* Release */,
			);
			defaultConfigurationIsVisible = 0;
			defaultConfigurationName = Release;
		};
		01DA828A2FF76BB60093021F /* Build configuration list for PBXNativeTarget "Cheatsheet" */ = {
			isa = XCConfigurationList;
			buildConfigurations = (
				01DA828B2FF76BB60093021F /* Debug */,
				01DA828C2FF76BB60093021F /* Release */,
			);
			defaultConfigurationIsVisible = 0;
			defaultConfigurationName = Release;
		};
		01DA828D2FF76BB60093021F /* Build configuration list for PBXNativeTarget "CheatsheetTests" */ = {
			isa = XCConfigurationList;
			buildConfigurations = (
				01DA828E2FF76BB60093021F /* Debug */,
				01DA828F2FF76BB60093021F /* Release */,
			);
			defaultConfigurationIsVisible = 0;
			defaultConfigurationName = Release;
		};
		01DA82902FF76BB60093021F /* Build configuration list for PBXNativeTarget "CheatsheetUITests" */ = {
			isa = XCConfigurationList;
			buildConfigurations = (
				01DA82912FF76BB60093021F /* Debug */,
				01DA82922FF76BB60093021F /* Release */,
			);
			defaultConfigurationIsVisible = 0;
			defaultConfigurationName = Release;
		};
/* End XCConfigurationList section */

/* Begin XCRemoteSwiftPackageReference section */
		AB01000000000000000000A1 /* XCRemoteSwiftPackageReference "KeyboardShortcuts" */ = {
			isa = XCRemoteSwiftPackageReference;
			repositoryURL = "https://github.com/sindresorhus/KeyboardShortcuts";
			requirement = {
				kind = upToNextMajorVersion;
				minimumVersion = 2.0.0;
			};
		};
		AB01000000000000000000A2 /* XCRemoteSwiftPackageReference "swift-markdown" */ = {
			isa = XCRemoteSwiftPackageReference;
			repositoryURL = "https://github.com/swiftlang/swift-markdown";
			requirement = {
				kind = upToNextMajorVersion;
				minimumVersion = 0.4.0;
			};
		};
/* End XCRemoteSwiftPackageReference section */

/* Begin XCSwiftPackageProductDependency section */
		AB01000000000000000000B1 /* KeyboardShortcuts */ = {
			isa = XCSwiftPackageProductDependency;
			package = AB01000000000000000000A1 /* XCRemoteSwiftPackageReference "KeyboardShortcuts" */;
			productName = KeyboardShortcuts;
		};
		AB01000000000000000000B2 /* Markdown */ = {
			isa = XCSwiftPackageProductDependency;
			package = AB01000000000000000000A2 /* XCRemoteSwiftPackageReference "swift-markdown" */;
			productName = Markdown;
		};
/* End XCSwiftPackageProductDependency section */
	};
	rootObject = 01DA82612FF76BB50093021F /* Project object */;
}
